# This file is autogenerated, do not edit; changes may be undone by the next 'dep ensure'.


[[projects]]
  digest = "1:9a0b7bca9614c318bcaff561f0e778ab3a5aad96f6fa74ff3e29df55afd15de4"
  name = "github.com/sakura-internet/go-rison"
  packages = ["."]
  pruneopts = "UT"
  revision = "33c372ae8bdd8d073ee0b166c3fbfb1ff4c6a3c6"
  version = "v3.1.0"

[solve-meta]
  analyzer-name = "dep"
  analyzer-version = 1
  input-imports = ["github.com/sakura-internet/go-rison"]
  solver-name = "gps-cdcl"
  solver-version = 1
